// !$*UTF8*$!
{
	archiveVersion = 1;
	classes = {
	};
	objectVersion = 56;
	objects = {

/* Begin PBXBuildFile section */
		4504386C2AA295A100E44E89 /* AppDelegate.swift in Sources */ = {isa = PBXBuildFile; fileRef = 4504386B2AA295A100E44E89 /* AppDelegate.swift */; };
		450438782AA295A200E44E89 /* Assets.xcassets in Resources */ = {isa = PBXBuildFile; fileRef = 450438772AA295A200E44E89 /* Assets.xcassets */; };
		4504387B2AA295A200E44E89 /* LaunchScreen.storyboard in Resources */ = {isa = PBXBuildFile; fileRef = 450438792AA295A200E44E89 /* LaunchScreen.storyboard */; };
		4518F5E82AA4869A00332DB6 /* BaseCoordinator.swift in Sources */ = {isa = PBXBuildFile; fileRef = 4518F5E72AA4869A00332DB6 /* BaseCoordinator.swift */; };
		4518F5EA2AA486B100332DB6 /* AppCoordinator.swift in Sources */ = {isa = PBXBuildFile; fileRef = 4518F5E92AA486B100332DB6 /* AppCoordinator.swift */; };
		4518F5EC2AA48E8D00332DB6 /* TabBarController.swift in Sources */ = {isa = PBXBuildFile; fileRef = 4518F5EB2AA48E8D00332DB6 /* TabBarController.swift */; };
		4518F5EE2AA4958D00332DB6 /* TabBarCoordinator.swift in Sources */ = {isa = PBXBuildFile; fileRef = 4518F5ED2AA4958D00332DB6 /* TabBarCoordinator.swift */; };
		4518F5F02AA4A4E100332DB6 /* UsersListCoordinator.swift in Sources */ = {isa = PBXBuildFile; fileRef = 4518F5EF2AA4A4E100332DB6 /* UsersListCoordinator.swift */; };
		4518F5F22AA4A4EA00332DB6 /* UserDetailsCoordinator.swift in Sources */ = {isa = PBXBuildFile; fileRef = 4518F5F12AA4A4EA00332DB6 /* UserDetailsCoordinator.swift */; };
		4518F5F42AA4A4F200332DB6 /* BookmarksCoordinator.swift in Sources */ = {isa = PBXBuildFile; fileRef = 4518F5F32AA4A4F200332DB6 /* BookmarksCoordinator.swift */; };
		4518F5F62AA4AB6100332DB6 /* UsersListViewController.swift in Sources */ = {isa = PBXBuildFile; fileRef = 4518F5F52AA4AB6100332DB6 /* UsersListViewController.swift */; };
		4518F5F82AA4AB6B00332DB6 /* UsersListViewModel.swift in Sources */ = {isa = PBXBuildFile; fileRef = 4518F5F72AA4AB6B00332DB6 /* UsersListViewModel.swift */; };
		4518F5FA2AA4AB7400332DB6 /* BookmarksViewController.swift in Sources */ = {isa = PBXBuildFile; fileRef = 4518F5F92AA4AB7400332DB6 /* BookmarksViewController.swift */; };
		4518F5FC2AA4AB7B00332DB6 /* BookmarksViewModel.swift in Sources */ = {isa = PBXBuildFile; fileRef = 4518F5FB2AA4AB7B00332DB6 /* BookmarksViewModel.swift */; };
		4518F60D2AA4FDE400332DB6 /* Users.swift in Sources */ = {isa = PBXBuildFile; fileRef = 4518F60C2AA4FDE400332DB6 /* Users.swift */; };
		4518F6152AA5055E00332DB6 /* UsersListTableViewCell.swift in Sources */ = {isa = PBXBuildFile; fileRef = 4518F6142AA5055E00332DB6 /* UsersListTableViewCell.swift */; };
		4518F6182AA505B000332DB6 /* ColorAssets.swift in Sources */ = {isa = PBXBuildFile; fileRef = 4518F6172AA505B000332DB6 /* ColorAssets.swift */; };
		4518F61B2AA5248C00332DB6 /* Kingfisher in Frameworks */ = {isa = PBXBuildFile; productRef = 4518F61A2AA5248C00332DB6 /* Kingfisher */; };
		4518F6212AA5366200332DB6 /* UserDetailsViewController.swift in Sources */ = {isa = PBXBuildFile; fileRef = 4518F6202AA5366200332DB6 /* UserDetailsViewController.swift */; };
		4518F6232AA5366800332DB6 /* UserDetailsViewModel.swift in Sources */ = {isa = PBXBuildFile; fileRef = 4518F6222AA5366800332DB6 /* UserDetailsViewModel.swift */; };
		4518F62A2AA54E9000332DB6 /* Endpoint.swift in Sources */ = {isa = PBXBuildFile; fileRef = 4518F6292AA54E9000332DB6 /* Endpoint.swift */; };
		4518F62C2AA54E9700332DB6 /* HTTPClient.swift in Sources */ = {isa = PBXBuildFile; fileRef = 4518F62B2AA54E9700332DB6 /* HTTPClient.swift */; };
		4518F62E2AA54EA200332DB6 /* HTTPMethod.swift in Sources */ = {isa = PBXBuildFile; fileRef = 4518F62D2AA54EA200332DB6 /* HTTPMethod.swift */; };
		4518F6302AA54EAA00332DB6 /* RequestError.swift in Sources */ = {isa = PBXBuildFile; fileRef = 4518F62F2AA54EAA00332DB6 /* RequestError.swift */; };
		4518F6322AA54EBF00332DB6 /* UsersEndpoint.swift in Sources */ = {isa = PBXBuildFile; fileRef = 4518F6312AA54EBF00332DB6 /* UsersEndpoint.swift */; };
		4518F6342AA54EC800332DB6 /* UsersService.swift in Sources */ = {isa = PBXBuildFile; fileRef = 4518F6332AA54EC800332DB6 /* UsersService.swift */; };
		4518F6452AA5C7DA00332DB6 /* SavedUsers.xcdatamodeld in Sources */ = {isa = PBXBuildFile; fileRef = 4518F6432AA5C7DA00332DB6 /* SavedUsers.xcdatamodeld */; };
		4518F66C2AA5D90700332DB6 /* SavedUser+CoreDataClass.swift in Sources */ = {isa = PBXBuildFile; fileRef = 4518F66A2AA5D90700332DB6 /* SavedUser+CoreDataClass.swift */; };
		4518F66D2AA5D90700332DB6 /* SavedUser+CoreDataProperties.swift in Sources */ = {isa = PBXBuildFile; fileRef = 4518F66B2AA5D90700332DB6 /* SavedUser+CoreDataProperties.swift */; };
		4518F66F2AA6563F00332DB6 /* PersistenceStore.swift in Sources */ = {isa = PBXBuildFile; fileRef = 4518F66E2AA6563F00332DB6 /* PersistenceStore.swift */; };
		4518F6712AA6564900332DB6 /* CoreDataService.swift in Sources */ = {isa = PBXBuildFile; fileRef = 4518F6702AA6564900332DB6 /* CoreDataService.swift */; };
		4518F6742AA694CD00332DB6 /* InformationItemLabel.swift in Sources */ = {isa = PBXBuildFile; fileRef = 4518F6732AA694CD00332DB6 /* InformationItemLabel.swift */; };
		4518F6772AA69CFF00332DB6 /* UserDetailsContentView.swift in Sources */ = {isa = PBXBuildFile; fileRef = 4518F6762AA69CFF00332DB6 /* UserDetailsContentView.swift */; };
		4518F67A2AA6A61400332DB6 /* BaseViewModel.swift in Sources */ = {isa = PBXBuildFile; fileRef = 4518F6792AA6A61400332DB6 /* BaseViewModel.swift */; };
		4518F67E2AA6A7E600332DB6 /* InformationLabelComponentData.swift in Sources */ = {isa = PBXBuildFile; fileRef = 4518F67D2AA6A7E600332DB6 /* InformationLabelComponentData.swift */; };
		4518F6812AA6A81A00332DB6 /* UserDetailsContentViewData.swift in Sources */ = {isa = PBXBuildFile; fileRef = 4518F6802AA6A81A00332DB6 /* UserDetailsContentViewData.swift */; };
		4518F6832AA6AE5700332DB6 /* UserTableViewCellData.swift in Sources */ = {isa = PBXBuildFile; fileRef = 4518F6822AA6AE5700332DB6 /* UserTableViewCellData.swift */; };
		4518F6892AA716B400332DB6 /* AppCoordinator.swift in Sources */ = {isa = PBXBuildFile; fileRef = 4518F5E92AA486B100332DB6 /* AppCoordinator.swift */; };
		4518F68A2AA716B400332DB6 /* BaseCoordinator.swift in Sources */ = {isa = PBXBuildFile; fileRef = 4518F5E72AA4869A00332DB6 /* BaseCoordinator.swift */; };
		4518F68E2AA7177600332DB6 /* Mockable.swift in Sources */ = {isa = PBXBuildFile; fileRef = 4518F68D2AA7177600332DB6 /* Mockable.swift */; };
		4518F6922AA717B400332DB6 /* UsersServiceMock.swift in Sources */ = {isa = PBXBuildFile; fileRef = 4518F6912AA717B400332DB6 /* UsersServiceMock.swift */; };
		4518F6932AA717C400332DB6 /* UsersService.swift in Sources */ = {isa = PBXBuildFile; fileRef = 4518F6332AA54EC800332DB6 /* UsersService.swift */; };
		4518F6942AA717C700332DB6 /* UsersEndpoint.swift in Sources */ = {isa = PBXBuildFile; fileRef = 4518F6312AA54EBF00332DB6 /* UsersEndpoint.swift */; };
		4518F6952AA717CA00332DB6 /* RequestError.swift in Sources */ = {isa = PBXBuildFile; fileRef = 4518F62F2AA54EAA00332DB6 /* RequestError.swift */; };
		4518F6962AA717CA00332DB6 /* HTTPClient.swift in Sources */ = {isa = PBXBuildFile; fileRef = 4518F62B2AA54E9700332DB6 /* HTTPClient.swift */; };
		4518F6972AA717CA00332DB6 /* Endpoint.swift in Sources */ = {isa = PBXBuildFile; fileRef = 4518F6292AA54E9000332DB6 /* Endpoint.swift */; };
		4518F6982AA717CA00332DB6 /* HTTPMethod.swift in Sources */ = {isa = PBXBuildFile; fileRef = 4518F62D2AA54EA200332DB6 /* HTTPMethod.swift */; };
		4518F6992AA717DC00332DB6 /* Users.swift in Sources */ = {isa = PBXBuildFile; fileRef = 4518F60C2AA4FDE400332DB6 /* Users.swift */; };
		4518F69C2AA7189200332DB6 /* UsersListTests.swift in Sources */ = {isa = PBXBuildFile; fileRef = 4518F69B2AA7189200332DB6 /* UsersListTests.swift */; };
		4518F69D2AA71D7600332DB6 /* UsersListTableViewCell.swift in Sources */ = {isa = PBXBuildFile; fileRef = 4518F6142AA5055E00332DB6 /* UsersListTableViewCell.swift */; };
		4518F69E2AA71D7800332DB6 /* UserTableViewCellData.swift in Sources */ = {isa = PBXBuildFile; fileRef = 4518F6822AA6AE5700332DB6 /* UserTableViewCellData.swift */; };
		4518F69F2AA71D7B00332DB6 /* InformationItemLabel.swift in Sources */ = {isa = PBXBuildFile; fileRef = 4518F6732AA694CD00332DB6 /* InformationItemLabel.swift */; };
		4518F6A02AA71D7B00332DB6 /* InformationLabelComponentData.swift in Sources */ = {isa = PBXBuildFile; fileRef = 4518F67D2AA6A7E600332DB6 /* InformationLabelComponentData.swift */; };
		4518F6A12AA71D7F00332DB6 /* BaseViewModel.swift in Sources */ = {isa = PBXBuildFile; fileRef = 4518F6792AA6A61400332DB6 /* BaseViewModel.swift */; };
		4518F6A42AA71D8A00332DB6 /* SavedUsers.xcdatamodeld in Sources */ = {isa = PBXBuildFile; fileRef = 4518F6432AA5C7DA00332DB6 /* SavedUsers.xcdatamodeld */; };
		4518F6A72AA71D8F00332DB6 /* SavedUser+CoreDataClass.swift in Sources */ = {isa = PBXBuildFile; fileRef = 4518F66A2AA5D90700332DB6 /* SavedUser+CoreDataClass.swift */; };
		4518F6A82AA71D8F00332DB6 /* SavedUser+CoreDataProperties.swift in Sources */ = {isa = PBXBuildFile; fileRef = 4518F66B2AA5D90700332DB6 /* SavedUser+CoreDataProperties.swift */; };
		4518F6A92AA71D8F00332DB6 /* CoreDataService.swift in Sources */ = {isa = PBXBuildFile; fileRef = 4518F6702AA6564900332DB6 /* CoreDataService.swift */; };
		4518F6AA2AA71D8F00332DB6 /* PersistenceStore.swift in Sources */ = {isa = PBXBuildFile; fileRef = 4518F66E2AA6563F00332DB6 /* PersistenceStore.swift */; };
		4518F6AB2AA71D9400332DB6 /* ColorAssets.swift in Sources */ = {isa = PBXBuildFile; fileRef = 4518F6172AA505B000332DB6 /* ColorAssets.swift */; };
		4518F6AC2AA71D9D00332DB6 /* TabBarCoordinator.swift in Sources */ = {isa = PBXBuildFile; fileRef = 4518F5ED2AA4958D00332DB6 /* TabBarCoordinator.swift */; };
		4518F6AD2AA71D9D00332DB6 /* TabBarController.swift in Sources */ = {isa = PBXBuildFile; fileRef = 4518F5EB2AA48E8D00332DB6 /* TabBarController.swift */; };
		4518F6AE2AA71DA000332DB6 /* UsersListCoordinator.swift in Sources */ = {isa = PBXBuildFile; fileRef = 4518F5EF2AA4A4E100332DB6 /* UsersListCoordinator.swift */; };
		4518F6AF2AA71DA200332DB6 /* UsersListViewModel.swift in Sources */ = {isa = PBXBuildFile; fileRef = 4518F5F72AA4AB6B00332DB6 /* UsersListViewModel.swift */; };
		4518F6B02AA71DA400332DB6 /* UsersListViewController.swift in Sources */ = {isa = PBXBuildFile; fileRef = 4518F5F52AA4AB6100332DB6 /* UsersListViewController.swift */; };
		4518F6B12AA71DAD00332DB6 /* BookmarksCoordinator.swift in Sources */ = {isa = PBXBuildFile; fileRef = 4518F5F32AA4A4F200332DB6 /* BookmarksCoordinator.swift */; };
		4518F6B22AA71DAF00332DB6 /* BookmarksViewModel.swift in Sources */ = {isa = PBXBuildFile; fileRef = 4518F5FB2AA4AB7B00332DB6 /* BookmarksViewModel.swift */; };
		4518F6B32AA71DB200332DB6 /* BookmarksViewController.swift in Sources */ = {isa = PBXBuildFile; fileRef = 4518F5F92AA4AB7400332DB6 /* BookmarksViewController.swift */; };
		4518F6B42AA71DB500332DB6 /* UserDetailsCoordinator.swift in Sources */ = {isa = PBXBuildFile; fileRef = 4518F5F12AA4A4EA00332DB6 /* UserDetailsCoordinator.swift */; };
		4518F6B52AA71DB800332DB6 /* UserDetailsViewModel.swift in Sources */ = {isa = PBXBuildFile; fileRef = 4518F6222AA5366800332DB6 /* UserDetailsViewModel.swift */; };
		4518F6B62AA71DBA00332DB6 /* UserDetailsViewController.swift in Sources */ = {isa = PBXBuildFile; fileRef = 4518F6202AA5366200332DB6 /* UserDetailsViewController.swift */; };
		4518F6B72AA71DBE00332DB6 /* UserDetailsContentView.swift in Sources */ = {isa = PBXBuildFile; fileRef = 4518F6762AA69CFF00332DB6 /* UserDetailsContentView.swift */; };
		4518F6B82AA71DBE00332DB6 /* UserDetailsContentViewData.swift in Sources */ = {isa = PBXBuildFile; fileRef = 4518F6802AA6A81A00332DB6 /* UserDetailsContentViewData.swift */; };
		4518F6B92AA71DC000332DB6 /* AppDelegate.swift in Sources */ = {isa = PBXBuildFile; fileRef = 4504386B2AA295A100E44E89 /* AppDelegate.swift */; };
		4518F6BC2AA7202C00332DB6 /* users_response.json in Sources */ = {isa = PBXBuildFile; fileRef = 4518F6BB2AA7202C00332DB6 /* users_response.json */; };
		4518F6BD2AA722FF00332DB6 /* users_response.json in Resources */ = {isa = PBXBuildFile; fileRef = 4518F6BB2AA7202C00332DB6 /* users_response.json */; };
		4518F6C32AA7315000332DB6 /* CoreDataServiceable.swift in Sources */ = {isa = PBXBuildFile; fileRef = 4518F6C22AA7315000332DB6 /* CoreDataServiceable.swift */; };
		4518F6C92AA7400000332DB6 /* CoreDataServiceable.swift in Sources */ = {isa = PBXBuildFile; fileRef = 4518F6C22AA7315000332DB6 /* CoreDataServiceable.swift */; };
/* End PBXBuildFile section */

/* Begin PBXContainerItemProxy section */
		450438822AA295A200E44E89 /* PBXContainerItemProxy */ = {
			isa = PBXContainerItemProxy;
			containerPortal = 450438602AA295A100E44E89 /* Project object */;
			proxyType = 1;
			remoteGlobalIDString = 450438672AA295A100E44E89;
			remoteInfo = UsersApp;
		};
/* End PBXContainerItemProxy section */

/* Begin PBXFileReference section */
		450438682AA295A100E44E89 /* UsersApp.app */ = {isa = PBXFileReference; explicitFileType = wrapper.application; includeInIndex = 0; path = UsersApp.app; sourceTree = BUILT_PRODUCTS_DIR; };
		4504386B2AA295A100E44E89 /* AppDelegate.swift */ = {isa = PBXFileReference; lastKnownFileType = sourcecode.swift; path = AppDelegate.swift; sourceTree = "<group>"; };
		450438772AA295A200E44E89 /* Assets.xcassets */ = {isa = PBXFileReference; lastKnownFileType = folder.assetcatalog; path = Assets.xcassets; sourceTree = "<group>"; };
		4504387A2AA295A200E44E89 /* Base */ = {isa = PBXFileReference; lastKnownFileType = file.storyboard; name = Base; path = Base.lproj/LaunchScreen.storyboard; sourceTree = "<group>"; };
		4504387C2AA295A200E44E89 /* Info.plist */ = {isa = PBXFileReference; lastKnownFileType = text.plist.xml; path = Info.plist; sourceTree = "<group>"; };
		450438812AA295A200E44E89 /* UsersAppTests.xctest */ = {isa = PBXFileReference; explicitFileType = wrapper.cfbundle; includeInIndex = 0; path = UsersAppTests.xctest; sourceTree = BUILT_PRODUCTS_DIR; };
		4518F5E72AA4869A00332DB6 /* BaseCoordinator.swift */ = {isa = PBXFileReference; lastKnownFileType = sourcecode.swift; path = BaseCoordinator.swift; sourceTree = "<group>"; };
		4518F5E92AA486B100332DB6 /* AppCoordinator.swift */ = {isa = PBXFileReference; lastKnownFileType = sourcecode.swift; path = AppCoordinator.swift; sourceTree = "<group>"; };
		4518F5EB2AA48E8D00332DB6 /* TabBarController.swift */ = {isa = PBXFileReference; lastKnownFileType = sourcecode.swift; path = TabBarController.swift; sourceTree = "<group>"; };
		4518F5ED2AA4958D00332DB6 /* TabBarCoordinator.swift */ = {isa = PBXFileReference; lastKnownFileType = sourcecode.swift; path = TabBarCoordinator.swift; sourceTree = "<group>"; };
		4518F5EF2AA4A4E100332DB6 /* UsersListCoordinator.swift */ = {isa = PBXFileReference; lastKnownFileType = sourcecode.swift; path = UsersListCoordinator.swift; sourceTree = "<group>"; };
		4518F5F12AA4A4EA00332DB6 /* UserDetailsCoordinator.swift */ = {isa = PBXFileReference; lastKnownFileType = sourcecode.swift; path = UserDetailsCoordinator.swift; sourceTree = "<group>"; };
		4518F5F32AA4A4F200332DB6 /* BookmarksCoordinator.swift */ = {isa = PBXFileReference; lastKnownFileType = sourcecode.swift; path = BookmarksCoordinator.swift; sourceTree = "<group>"; };
		4518F5F52AA4AB6100332DB6 /* UsersListViewController.swift */ = {isa = PBXFileReference; lastKnownFileType = sourcecode.swift; path = UsersListViewController.swift; sourceTree = "<group>"; };
		4518F5F72AA4AB6B00332DB6 /* UsersListViewModel.swift */ = {isa = PBXFileReference; lastKnownFileType = sourcecode.swift; path = UsersListViewModel.swift; sourceTree = "<group>"; };
		4518F5F92AA4AB7400332DB6 /* BookmarksViewController.swift */ = {isa = PBXFileReference; lastKnownFileType = sourcecode.swift; path = BookmarksViewController.swift; sourceTree = "<group>"; };
		4518F5FB2AA4AB7B00332DB6 /* BookmarksViewModel.swift */ = {isa = PBXFileReference; lastKnownFileType = sourcecode.swift; path = BookmarksViewModel.swift; sourceTree = "<group>"; };
		4518F60C2AA4FDE400332DB6 /* Users.swift */ = {isa = PBXFileReference; lastKnownFileType = sourcecode.swift; path = Users.swift; sourceTree = "<group>"; };
		4518F6142AA5055E00332DB6 /* UsersListTableViewCell.swift */ = {isa = PBXFileReference; lastKnownFileType = sourcecode.swift; path = UsersListTableViewCell.swift; sourceTree = "<group>"; };
		4518F6172AA505B000332DB6 /* ColorAssets.swift */ = {isa = PBXFileReference; lastKnownFileType = sourcecode.swift; path = ColorAssets.swift; sourceTree = "<group>"; };
		4518F6202AA5366200332DB6 /* UserDetailsViewController.swift */ = {isa = PBXFileReference; lastKnownFileType = sourcecode.swift; path = UserDetailsViewController.swift; sourceTree = "<group>"; };
		4518F6222AA5366800332DB6 /* UserDetailsViewModel.swift */ = {isa = PBXFileReference; lastKnownFileType = sourcecode.swift; path = UserDetailsViewModel.swift; sourceTree = "<group>"; };
		4518F6292AA54E9000332DB6 /* Endpoint.swift */ = {isa = PBXFileReference; lastKnownFileType = sourcecode.swift; path = Endpoint.swift; sourceTree = "<group>"; };
		4518F62B2AA54E9700332DB6 /* HTTPClient.swift */ = {isa = PBXFileReference; lastKnownFileType = sourcecode.swift; path = HTTPClient.swift; sourceTree = "<group>"; };
		4518F62D2AA54EA200332DB6 /* HTTPMethod.swift */ = {isa = PBXFileReference; lastKnownFileType = sourcecode.swift; path = HTTPMethod.swift; sourceTree = "<group>"; };
		4518F62F2AA54EAA00332DB6 /* RequestError.swift */ = {isa = PBXFileReference; lastKnownFileType = sourcecode.swift; path = RequestError.swift; sourceTree = "<group>"; };
		4518F6312AA54EBF00332DB6 /* UsersEndpoint.swift */ = {isa = PBXFileReference; lastKnownFileType = sourcecode.swift; path = UsersEndpoint.swift; sourceTree = "<group>"; };
		4518F6332AA54EC800332DB6 /* UsersService.swift */ = {isa = PBXFileReference; lastKnownFileType = sourcecode.swift; path = UsersService.swift; sourceTree = "<group>"; };
		4518F6442AA5C7DA00332DB6 /* SavedUsers.xcdatamodel */ = {isa = PBXFileReference; lastKnownFileType = wrapper.xcdatamodel; path = SavedUsers.xcdatamodel; sourceTree = "<group>"; };
		4518F66A2AA5D90700332DB6 /* SavedUser+CoreDataClass.swift */ = {isa = PBXFileReference; fileEncoding = 4; lastKnownFileType = sourcecode.swift; path = "SavedUser+CoreDataClass.swift"; sourceTree = "<group>"; };
		4518F66B2AA5D90700332DB6 /* SavedUser+CoreDataProperties.swift */ = {isa = PBXFileReference; fileEncoding = 4; lastKnownFileType = sourcecode.swift; path = "SavedUser+CoreDataProperties.swift"; sourceTree = "<group>"; };
		4518F66E2AA6563F00332DB6 /* PersistenceStore.swift */ = {isa = PBXFileReference; lastKnownFileType = sourcecode.swift; path = PersistenceStore.swift; sourceTree = "<group>"; };
		4518F6702AA6564900332DB6 /* CoreDataService.swift */ = {isa = PBXFileReference; lastKnownFileType = sourcecode.swift; path = CoreDataService.swift; sourceTree = "<group>"; };
		4518F6732AA694CD00332DB6 /* InformationItemLabel.swift */ = {isa = PBXFileReference; lastKnownFileType = sourcecode.swift; path = InformationItemLabel.swift; sourceTree = "<group>"; };
		4518F6762AA69CFF00332DB6 /* UserDetailsContentView.swift */ = {isa = PBXFileReference; lastKnownFileType = sourcecode.swift; path = UserDetailsContentView.swift; sourceTree = "<group>"; };
		4518F6792AA6A61400332DB6 /* BaseViewModel.swift */ = {isa = PBXFileReference; lastKnownFileType = sourcecode.swift; path = BaseViewModel.swift; sourceTree = "<group>"; };
		4518F67D2AA6A7E600332DB6 /* InformationLabelComponentData.swift */ = {isa = PBXFileReference; lastKnownFileType = sourcecode.swift; path = InformationLabelComponentData.swift; sourceTree = "<group>"; };
		4518F6802AA6A81A00332DB6 /* UserDetailsContentViewData.swift */ = {isa = PBXFileReference; lastKnownFileType = sourcecode.swift; path = UserDetailsContentViewData.swift; sourceTree = "<group>"; };
		4518F6822AA6AE5700332DB6 /* UserTableViewCellData.swift */ = {isa = PBXFileReference; lastKnownFileType = sourcecode.swift; path = UserTableViewCellData.swift; sourceTree = "<group>"; };
		4518F68D2AA7177600332DB6 /* Mockable.swift */ = {isa = PBXFileReference; lastKnownFileType = sourcecode.swift; path = Mockable.swift; sourceTree = "<group>"; };
		4518F6912AA717B400332DB6 /* UsersServiceMock.swift */ = {isa = PBXFileReference; lastKnownFileType = sourcecode.swift; path = UsersServiceMock.swift; sourceTree = "<group>"; };
		4518F69B2AA7189200332DB6 /* UsersListTests.swift */ = {isa = PBXFileReference; lastKnownFileType = sourcecode.swift; path = UsersListTests.swift; sourceTree = "<group>"; };
		4518F6BB2AA7202C00332DB6 /* users_response.json */ = {isa = PBXFileReference; lastKnownFileType = text.json; path = users_response.json; sourceTree = "<group>"; };
		4518F6C22AA7315000332DB6 /* CoreDataServiceable.swift */ = {isa = PBXFileReference; lastKnownFileType = sourcecode.swift; path = CoreDataServiceable.swift; sourceTree = "<group>"; };
/* End PBXFileReference section */

/* Begin PBXFrameworksBuildPhase section */
		450438652AA295A100E44E89 /* Frameworks */ = {
			isa = PBXFrameworksBuildPhase;
			buildActionMask = 2147483647;
			files = (
				4518F61B2AA5248C00332DB6 /* Kingfisher in Frameworks */,
			);
			runOnlyForDeploymentPostprocessing = 0;
		};
		4504387E2AA295A200E44E89 /* Frameworks */ = {
			isa = PBXFrameworksBuildPhase;
			buildActionMask = 2147483647;
			files = (
			);
			runOnlyForDeploymentPostprocessing = 0;
		};
/* End PBXFrameworksBuildPhase section */

/* Begin PBXGroup section */
		4504385F2AA295A100E44E89 = {
			isa = PBXGroup;
			children = (
				4504386A2AA295A100E44E89 /* UsersApp */,
				450438842AA295A200E44E89 /* UsersAppTests */,
				450438692AA295A100E44E89 /* Products */,
			);
			sourceTree = "<group>";
		};
		450438692AA295A100E44E89 /* Products */ = {
			isa = PBXGroup;
			children = (
				450438682AA295A100E44E89 /* UsersApp.app */,
				450438812AA295A200E44E89 /* UsersAppTests.xctest */,
			);
			name = Products;
			sourceTree = "<group>";
		};
		4504386A2AA295A100E44E89 /* UsersApp */ = {
			isa = PBXGroup;
			children = (
				4518F67B2AA6A7A700332DB6 /* Components */,
				4518F6782AA6A60D00332DB6 /* Base */,
				4518F6412AA5C72300332DB6 /* CoreData */,
				4518F6052AA4F83900332DB6 /* Entities */,
				4518F6162AA505A100332DB6 /* Resources */,
				4518F5E62AA4868E00332DB6 /* Coordinators */,
				4518F5D82AA3541E00332DB6 /* Networking */,
				4504389E2AA2963000E44E89 /* UI */,
				4504386B2AA295A100E44E89 /* AppDelegate.swift */,
				450438772AA295A200E44E89 /* Assets.xcassets */,
				450438792AA295A200E44E89 /* LaunchScreen.storyboard */,
				4504387C2AA295A200E44E89 /* Info.plist */,
			);
			path = UsersApp;
			sourceTree = "<group>";
		};
		450438842AA295A200E44E89 /* UsersAppTests */ = {
			isa = PBXGroup;
			children = (
				4518F69A2AA7188500332DB6 /* UsersListTests */,
				4518F68F2AA7179700332DB6 /* NetworkingTests */,
			);
			path = UsersAppTests;
			sourceTree = "<group>";
		};
		4504389E2AA2963000E44E89 /* UI */ = {
			isa = PBXGroup;
			children = (
				450438A12AA296A900E44E89 /* TabController */,
				4504389F2AA2965400E44E89 /* Users */,
				450438A22AA296B300E44E89 /* Bookmarks */,
				450438A02AA296A500E44E89 /* UserDetails */,
			);
			path = UI;
			sourceTree = "<group>";
		};
		4504389F2AA2965400E44E89 /* Users */ = {
			isa = PBXGroup;
			children = (
				4518F6382AA5557200332DB6 /* Coordinator */,
				4518F6362AA5556200332DB6 /* ViewModel */,
				4518F6352AA5555C00332DB6 /* ViewController */,
			);
			path = Users;
			sourceTree = "<group>";
		};
		450438A02AA296A500E44E89 /* UserDetails */ = {
			isa = PBXGroup;
			children = (
				4518F63E2AA555AB00332DB6 /* Coordinator */,
				4518F63D2AA555A400332DB6 /* ViewModel */,
				4518F63C2AA555A000332DB6 /* ViewController */,
			);
			path = UserDetails;
			sourceTree = "<group>";
		};
		450438A12AA296A900E44E89 /* TabController */ = {
			isa = PBXGroup;
			children = (
				4518F5ED2AA4958D00332DB6 /* TabBarCoordinator.swift */,
				4518F5EB2AA48E8D00332DB6 /* TabBarController.swift */,
			);
			path = TabController;
			sourceTree = "<group>";
		};
		450438A22AA296B300E44E89 /* Bookmarks */ = {
			isa = PBXGroup;
			children = (
				4518F63B2AA5558B00332DB6 /* Coordinator */,
				4518F63A2AA5558200332DB6 /* ViewModel */,
				4518F6392AA5557D00332DB6 /* ViewController */,
			);
			path = Bookmarks;
			sourceTree = "<group>";
		};
		4518F5D82AA3541E00332DB6 /* Networking */ = {
			isa = PBXGroup;
			children = (
				4518F5DB2AA3542D00332DB6 /* Services */,
				4518F5DA2AA3542800332DB6 /* Endpoints */,
				4518F5D92AA3542300332DB6 /* Base */,
			);
			path = Networking;
			sourceTree = "<group>";
		};
		4518F5D92AA3542300332DB6 /* Base */ = {
			isa = PBXGroup;
			children = (
				4518F6292AA54E9000332DB6 /* Endpoint.swift */,
				4518F62B2AA54E9700332DB6 /* HTTPClient.swift */,
				4518F62D2AA54EA200332DB6 /* HTTPMethod.swift */,
				4518F62F2AA54EAA00332DB6 /* RequestError.swift */,
			);
			path = Base;
			sourceTree = "<group>";
		};
		4518F5DA2AA3542800332DB6 /* Endpoints */ = {
			isa = PBXGroup;
			children = (
				4518F6312AA54EBF00332DB6 /* UsersEndpoint.swift */,
			);
			path = Endpoints;
			sourceTree = "<group>";
		};
		4518F5DB2AA3542D00332DB6 /* Services */ = {
			isa = PBXGroup;
			children = (
				4518F6332AA54EC800332DB6 /* UsersService.swift */,
			);
			path = Services;
			sourceTree = "<group>";
		};
		4518F5E62AA4868E00332DB6 /* Coordinators */ = {
			isa = PBXGroup;
			children = (
				4518F5E72AA4869A00332DB6 /* BaseCoordinator.swift */,
				4518F5E92AA486B100332DB6 /* AppCoordinator.swift */,
			);
			path = Coordinators;
			sourceTree = "<group>";
		};
		4518F6052AA4F83900332DB6 /* Entities */ = {
			isa = PBXGroup;
			children = (
				4518F60C2AA4FDE400332DB6 /* Users.swift */,
			);
			path = Entities;
			sourceTree = "<group>";
		};
		4518F6162AA505A100332DB6 /* Resources */ = {
			isa = PBXGroup;
			children = (
				4518F6172AA505B000332DB6 /* ColorAssets.swift */,
			);
			path = Resources;
			sourceTree = "<group>";
		};
		4518F6352AA5555C00332DB6 /* ViewController */ = {
			isa = PBXGroup;
			children = (
				4518F5F52AA4AB6100332DB6 /* UsersListViewController.swift */,
			);
			path = ViewController;
			sourceTree = "<group>";
		};
		4518F6362AA5556200332DB6 /* ViewModel */ = {
			isa = PBXGroup;
			children = (
				4518F5F72AA4AB6B00332DB6 /* UsersListViewModel.swift */,
			);
			path = ViewModel;
			sourceTree = "<group>";
		};
		4518F6382AA5557200332DB6 /* Coordinator */ = {
			isa = PBXGroup;
			children = (
				4518F5EF2AA4A4E100332DB6 /* UsersListCoordinator.swift */,
			);
			path = Coordinator;
			sourceTree = "<group>";
		};
		4518F6392AA5557D00332DB6 /* ViewController */ = {
			isa = PBXGroup;
			children = (
				4518F5F92AA4AB7400332DB6 /* BookmarksViewController.swift */,
			);
			path = ViewController;
			sourceTree = "<group>";
		};
		4518F63A2AA5558200332DB6 /* ViewModel */ = {
			isa = PBXGroup;
			children = (
				4518F5FB2AA4AB7B00332DB6 /* BookmarksViewModel.swift */,
			);
			path = ViewModel;
			sourceTree = "<group>";
		};
		4518F63B2AA5558B00332DB6 /* Coordinator */ = {
			isa = PBXGroup;
			children = (
				4518F5F32AA4A4F200332DB6 /* BookmarksCoordinator.swift */,
			);
			path = Coordinator;
			sourceTree = "<group>";
		};
		4518F63C2AA555A000332DB6 /* ViewController */ = {
			isa = PBXGroup;
			children = (
				4518F6202AA5366200332DB6 /* UserDetailsViewController.swift */,
				4518F6752AA69CF200332DB6 /* Subviews */,
			);
			path = ViewController;
			sourceTree = "<group>";
		};
		4518F63D2AA555A400332DB6 /* ViewModel */ = {
			isa = PBXGroup;
			children = (
				4518F6222AA5366800332DB6 /* UserDetailsViewModel.swift */,
			);
			path = ViewModel;
			sourceTree = "<group>";
		};
		4518F63E2AA555AB00332DB6 /* Coordinator */ = {
			isa = PBXGroup;
			children = (
				4518F5F12AA4A4EA00332DB6 /* UserDetailsCoordinator.swift */,
			);
			path = Coordinator;
			sourceTree = "<group>";
		};
		4518F6412AA5C72300332DB6 /* CoreData */ = {
			isa = PBXGroup;
			children = (
				4518F6722AA6765C00332DB6 /* Entities */,
				4518F66E2AA6563F00332DB6 /* PersistenceStore.swift */,
				4518F6702AA6564900332DB6 /* CoreDataService.swift */,
				4518F6C22AA7315000332DB6 /* CoreDataServiceable.swift */,
			);
			path = CoreData;
			sourceTree = "<group>";
		};
		4518F6722AA6765C00332DB6 /* Entities */ = {
			isa = PBXGroup;
			children = (
				4518F6432AA5C7DA00332DB6 /* SavedUsers.xcdatamodeld */,
				4518F66A2AA5D90700332DB6 /* SavedUser+CoreDataClass.swift */,
				4518F66B2AA5D90700332DB6 /* SavedUser+CoreDataProperties.swift */,
			);
			path = Entities;
			sourceTree = "<group>";
		};
		4518F6752AA69CF200332DB6 /* Subviews */ = {
			isa = PBXGroup;
			children = (
				4518F6762AA69CFF00332DB6 /* UserDetailsContentView.swift */,
				4518F6802AA6A81A00332DB6 /* UserDetailsContentViewData.swift */,
			);
			path = Subviews;
			sourceTree = "<group>";
		};
		4518F6782AA6A60D00332DB6 /* Base */ = {
			isa = PBXGroup;
			children = (
				4518F6792AA6A61400332DB6 /* BaseViewModel.swift */,
			);
			path = Base;
			sourceTree = "<group>";
		};
		4518F67B2AA6A7A700332DB6 /* Components */ = {
			isa = PBXGroup;
			children = (
				4518F67F2AA6A7FF00332DB6 /* UserTableViewCell */,
				4518F67C2AA6A7B600332DB6 /* InformationLabelComponent */,
			);
			path = Components;
			sourceTree = "<group>";
		};
		4518F67C2AA6A7B600332DB6 /* InformationLabelComponent */ = {
			isa = PBXGroup;
			children = (
				4518F6732AA694CD00332DB6 /* InformationItemLabel.swift */,
				4518F67D2AA6A7E600332DB6 /* InformationLabelComponentData.swift */,
			);
			path = InformationLabelComponent;
			sourceTree = "<group>";
		};
		4518F67F2AA6A7FF00332DB6 /* UserTableViewCell */ = {
			isa = PBXGroup;
			children = (
				4518F6142AA5055E00332DB6 /* UsersListTableViewCell.swift */,
				4518F6822AA6AE5700332DB6 /* UserTableViewCellData.swift */,
			);
			path = UserTableViewCell;
			sourceTree = "<group>";
		};
		4518F68F2AA7179700332DB6 /* NetworkingTests */ = {
			isa = PBXGroup;
			children = (
				4518F6BA2AA7201200332DB6 /* MockResponses */,
				4518F68D2AA7177600332DB6 /* Mockable.swift */,
				4518F6902AA717A400332DB6 /* Mocks */,
			);
			path = NetworkingTests;
			sourceTree = "<group>";
		};
		4518F6902AA717A400332DB6 /* Mocks */ = {
			isa = PBXGroup;
			children = (
				4518F6912AA717B400332DB6 /* UsersServiceMock.swift */,
			);
			path = Mocks;
			sourceTree = "<group>";
		};
		4518F69A2AA7188500332DB6 /* UsersListTests */ = {
			isa = PBXGroup;
			children = (
				4518F69B2AA7189200332DB6 /* UsersListTests.swift */,
			);
			path = UsersListTests;
			sourceTree = "<group>";
		};
		4518F6BA2AA7201200332DB6 /* MockResponses */ = {
			isa = PBXGroup;
			children = (
				4518F6BB2AA7202C00332DB6 /* users_response.json */,
			);
			path = MockResponses;
			sourceTree = "<group>";
		};
/* End PBXGroup section */

/* Begin PBXNativeTarget section */
		450438672AA295A100E44E89 /* UsersApp */ = {
			isa = PBXNativeTarget;
			buildConfigurationList = 450438952AA295A200E44E89 /* Build configuration list for PBXNativeTarget "UsersApp" */;
			buildPhases = (
				450438642AA295A100E44E89 /* Sources */,
				450438652AA295A100E44E89 /* Frameworks */,
				450438662AA295A100E44E89 /* Resources */,
				450438A32AA2980A00E44E89 /* ShellScript */,
			);
			buildRules = (
			);
			dependencies = (
			);
			name = UsersApp;
			packageProductDependencies = (
				4518F61A2AA5248C00332DB6 /* Kingfisher */,
			);
			productName = UsersApp;
			productReference = 450438682AA295A100E44E89 /* UsersApp.app */;
			productType = "com.apple.product-type.application";
		};
		450438802AA295A200E44E89 /* UsersAppTests */ = {
			isa = PBXNativeTarget;
			buildConfigurationList = 450438982AA295A200E44E89 /* Build configuration list for PBXNativeTarget "UsersAppTests" */;
			buildPhases = (
				4504387D2AA295A200E44E89 /* Sources */,
				4504387E2AA295A200E44E89 /* Frameworks */,
				4504387F2AA295A200E44E89 /* Resources */,
			);
			buildRules = (
			);
			dependencies = (
				450438832AA295A200E44E89 /* PBXTargetDependency */,
			);
			name = UsersAppTests;
			productName = UsersAppTests;
			productReference = 450438812AA295A200E44E89 /* UsersAppTests.xctest */;
			productType = "com.apple.product-type.bundle.unit-test";
		};
/* End PBXNativeTarget section */

/* Begin PBXProject section */
		450438602AA295A100E44E89 /* Project object */ = {
			isa = PBXProject;
			attributes = {
				BuildIndependentTargetsInParallel = 1;
				LastSwiftUpdateCheck = 1430;
				LastUpgradeCheck = 1430;
				TargetAttributes = {
					450438672AA295A100E44E89 = {
						CreatedOnToolsVersion = 14.3.1;
					};
					450438802AA295A200E44E89 = {
						CreatedOnToolsVersion = 14.3.1;
						TestTargetID = 450438672AA295A100E44E89;
					};
				};
			};
			buildConfigurationList = 450438632AA295A100E44E89 /* Build configuration list for PBXProject "UsersApp" */;
			compatibilityVersion = "Xcode 14.0";
			developmentRegion = en;
			hasScannedForEncodings = 0;
			knownRegions = (
				en,
				Base,
			);
			mainGroup = 4504385F2AA295A100E44E89;
			packageReferences = (
				4518F6192AA5248C00332DB6 /* XCRemoteSwiftPackageReference "Kingfisher" */,
			);
			productRefGroup = 450438692AA295A100E44E89 /* Products */;
			projectDirPath = "";
			projectRoot = "";
			targets = (
				450438672AA295A100E44E89 /* UsersApp */,
				450438802AA295A200E44E89 /* UsersAppTests */,
			);
		};
/* End PBXProject section */

/* Begin PBXResourcesBuildPhase section */
		450438662AA295A100E44E89 /* Resources */ = {
			isa = PBXResourcesBuildPhase;
			buildActionMask = 2147483647;
			files = (
				4504387B2AA295A200E44E89 /* LaunchScreen.storyboard in Resources */,
				450438782AA295A200E44E89 /* Assets.xcassets in Resources */,
			);
			runOnlyForDeploymentPostprocessing = 0;
		};
		4504387F2AA295A200E44E89 /* Resources */ = {
			isa = PBXResourcesBuildPhase;
			buildActionMask = 2147483647;
			files = (
				4518F6BD2AA722FF00332DB6 /* users_response.json in Resources */,
			);
			runOnlyForDeploymentPostprocessing = 0;
		};
/* End PBXResourcesBuildPhase section */

/* Begin PBXShellScriptBuildPhase section */
		450438A32AA2980A00E44E89 /* ShellScript */ = {
			isa = PBXShellScriptBuildPhase;
			buildActionMask = 2147483647;
			files = (
			);
			inputFileListPaths = (
			);
			inputPaths = (
			);
			outputFileListPaths = (
			);
			outputPaths = (
			);
			runOnlyForDeploymentPostprocessing = 0;
			shellPath = /bin/sh;
			shellScript = "if [[ \"$(uname -m)\" == arm64 ]]; then\n    export PATH=\"/opt/homebrew/bin:$PATH\"\nfi\nif which swiftlint > /dev/null; then\n  swiftlint\nelse\n  echo \"warning: SwiftLint not installed, download from https://github.com/realm/SwiftLint\"\nfi\n";
		};
/* End PBXShellScriptBuildPhase section */

/* Begin PBXSourcesBuildPhase section */
		450438642AA295A100E44E89 /* Sources */ = {
			isa = PBXSourcesBuildPhase;
			buildActionMask = 2147483647;
			files = (
				4518F6302AA54EAA00332DB6 /* RequestError.swift in Sources */,
				4518F66C2AA5D90700332DB6 /* SavedUser+CoreDataClass.swift in Sources */,
				4518F5FC2AA4AB7B00332DB6 /* BookmarksViewModel.swift in Sources */,
				4518F66F2AA6563F00332DB6 /* PersistenceStore.swift in Sources */,
				4518F5F42AA4A4F200332DB6 /* BookmarksCoordinator.swift in Sources */,
				4518F6452AA5C7DA00332DB6 /* SavedUsers.xcdatamodeld in Sources */,
				4518F62C2AA54E9700332DB6 /* HTTPClient.swift in Sources */,
				4518F66D2AA5D90700332DB6 /* SavedUser+CoreDataProperties.swift in Sources */,
				4518F5F82AA4AB6B00332DB6 /* UsersListViewModel.swift in Sources */,
				4518F6152AA5055E00332DB6 /* UsersListTableViewCell.swift in Sources */,
				4518F5EA2AA486B100332DB6 /* AppCoordinator.swift in Sources */,
				4518F6232AA5366800332DB6 /* UserDetailsViewModel.swift in Sources */,
				4518F5EE2AA4958D00332DB6 /* TabBarCoordinator.swift in Sources */,
				4518F67A2AA6A61400332DB6 /* BaseViewModel.swift in Sources */,
				4518F6212AA5366200332DB6 /* UserDetailsViewController.swift in Sources */,
				4518F6772AA69CFF00332DB6 /* UserDetailsContentView.swift in Sources */,
				4518F5FA2AA4AB7400332DB6 /* BookmarksViewController.swift in Sources */,
				4518F60D2AA4FDE400332DB6 /* Users.swift in Sources */,
				4518F6742AA694CD00332DB6 /* InformationItemLabel.swift in Sources */,
				4518F6342AA54EC800332DB6 /* UsersService.swift in Sources */,
				4518F5EC2AA48E8D00332DB6 /* TabBarController.swift in Sources */,
				4518F6182AA505B000332DB6 /* ColorAssets.swift in Sources */,
				4518F6C32AA7315000332DB6 /* CoreDataServiceable.swift in Sources */,
				4518F5F22AA4A4EA00332DB6 /* UserDetailsCoordinator.swift in Sources */,
				4504386C2AA295A100E44E89 /* AppDelegate.swift in Sources */,
				4518F6712AA6564900332DB6 /* CoreDataService.swift in Sources */,
				4518F67E2AA6A7E600332DB6 /* InformationLabelComponentData.swift in Sources */,
				4518F6812AA6A81A00332DB6 /* UserDetailsContentViewData.swift in Sources */,
				4518F5F62AA4AB6100332DB6 /* UsersListViewController.swift in Sources */,
				4518F6322AA54EBF00332DB6 /* UsersEndpoint.swift in Sources */,
				4518F62E2AA54EA200332DB6 /* HTTPMethod.swift in Sources */,
				4518F5E82AA4869A00332DB6 /* BaseCoordinator.swift in Sources */,
				4518F5F02AA4A4E100332DB6 /* UsersListCoordinator.swift in Sources */,
				4518F6832AA6AE5700332DB6 /* UserTableViewCellData.swift in Sources */,
				4518F62A2AA54E9000332DB6 /* Endpoint.swift in Sources */,
			);
			runOnlyForDeploymentPostprocessing = 0;
		};
		4504387D2AA295A200E44E89 /* Sources */ = {
			isa = PBXSourcesBuildPhase;
			buildActionMask = 2147483647;
			files = (
				4518F6B32AA71DB200332DB6 /* BookmarksViewController.swift in Sources */,
				4518F69C2AA7189200332DB6 /* UsersListTests.swift in Sources */,
				4518F6B92AA71DC000332DB6 /* AppDelegate.swift in Sources */,
				4518F6AD2AA71D9D00332DB6 /* TabBarController.swift in Sources */,
				4518F6952AA717CA00332DB6 /* RequestError.swift in Sources */,
				4518F6B82AA71DBE00332DB6 /* UserDetailsContentViewData.swift in Sources */,
				4518F6932AA717C400332DB6 /* UsersService.swift in Sources */,
				4518F6AC2AA71D9D00332DB6 /* TabBarCoordinator.swift in Sources */,
				4518F6A02AA71D7B00332DB6 /* InformationLabelComponentData.swift in Sources */,
				4518F6B22AA71DAF00332DB6 /* BookmarksViewModel.swift in Sources */,
				4518F6B52AA71DB800332DB6 /* UserDetailsViewModel.swift in Sources */,
				4518F69E2AA71D7800332DB6 /* UserTableViewCellData.swift in Sources */,
				4518F6B02AA71DA400332DB6 /* UsersListViewController.swift in Sources */,
				4518F6A42AA71D8A00332DB6 /* SavedUsers.xcdatamodeld in Sources */,
				4518F6AB2AA71D9400332DB6 /* ColorAssets.swift in Sources */,
				4518F6B12AA71DAD00332DB6 /* BookmarksCoordinator.swift in Sources */,
				4518F6A12AA71D7F00332DB6 /* BaseViewModel.swift in Sources */,
				4518F6892AA716B400332DB6 /* AppCoordinator.swift in Sources */,
				4518F6A92AA71D8F00332DB6 /* CoreDataService.swift in Sources */,
				4518F6BC2AA7202C00332DB6 /* users_response.json in Sources */,
				4518F6AA2AA71D8F00332DB6 /* PersistenceStore.swift in Sources */,
				4518F6982AA717CA00332DB6 /* HTTPMethod.swift in Sources */,
				4518F6992AA717DC00332DB6 /* Users.swift in Sources */,
				4518F69D2AA71D7600332DB6 /* UsersListTableViewCell.swift in Sources */,
				4518F6C92AA7400000332DB6 /* CoreDataServiceable.swift in Sources */,
				4518F6972AA717CA00332DB6 /* Endpoint.swift in Sources */,
				4518F6AE2AA71DA000332DB6 /* UsersListCoordinator.swift in Sources */,
				4518F6A82AA71D8F00332DB6 /* SavedUser+CoreDataProperties.swift in Sources */,
				4518F6B62AA71DBA00332DB6 /* UserDetailsViewController.swift in Sources */,
				4518F6B72AA71DBE00332DB6 /* UserDetailsContentView.swift in Sources */,
				4518F69F2AA71D7B00332DB6 /* InformationItemLabel.swift in Sources */,
				4518F6A72AA71D8F00332DB6 /* SavedUser+CoreDataClass.swift in Sources */,
				4518F6B42AA71DB500332DB6 /* UserDetailsCoordinator.swift in Sources */,
				4518F68A2AA716B400332DB6 /* BaseCoordinator.swift in Sources */,
				4518F6962AA717CA00332DB6 /* HTTPClient.swift in Sources */,
				4518F6922AA717B400332DB6 /* UsersServiceMock.swift in Sources */,
				4518F6AF2AA71DA200332DB6 /* UsersListViewModel.swift in Sources */,
				4518F68E2AA7177600332DB6 /* Mockable.swift in Sources */,
				4518F6942AA717C700332DB6 /* UsersEndpoint.swift in Sources */,
			);
			runOnlyForDeploymentPostprocessing = 0;
		};
/* End PBXSourcesBuildPhase section */

/* Begin PBXTargetDependency section */
		450438832AA295A200E44E89 /* PBXTargetDependency */ = {
			isa = PBXTargetDependency;
			target = 450438672AA295A100E44E89 /* UsersApp */;
			targetProxy = 450438822AA295A200E44E89 /* PBXContainerItemProxy */;
		};
/* End PBXTargetDependency section */

/* Begin PBXVariantGroup section */
		450438792AA295A200E44E89 /* LaunchScreen.storyboard */ = {
			isa = PBXVariantGroup;
			children = (
				4504387A2AA295A200E44E89 /* Base */,
			);
			name = LaunchScreen.storyboard;
			sourceTree = "<group>";
		};
/* End PBXVariantGroup section */

/* Begin XCBuildConfiguration section */
		450438932AA295A200E44E89 /* Debug */ = {
			isa = XCBuildConfiguration;
			buildSettings = {
				ALWAYS_SEARCH_USER_PATHS = NO;
				CLANG_ANALYZER_NONNULL = YES;
				CLANG_ANALYZER_NUMBER_OBJECT_CONVERSION = YES_AGGRESSIVE;
				CLANG_CXX_LANGUAGE_STANDARD = "gnu++20";
				CLANG_ENABLE_MODULES = YES;
				CLANG_ENABLE_OBJC_ARC = YES;
				CLANG_ENABLE_OBJC_WEAK = YES;
				CLANG_WARN_BLOCK_CAPTURE_AUTORELEASING = YES;
				CLANG_WARN_BOOL_CONVERSION = YES;
				CLANG_WARN_COMMA = YES;
				CLANG_WARN_CONSTANT_CONVERSION = YES;
				CLANG_WARN_DEPRECATED_OBJC_IMPLEMENTATIONS = YES;
				CLANG_WARN_DIRECT_OBJC_ISA_USAGE = YES_ERROR;
				CLANG_WARN_DOCUMENTATION_COMMENTS = YES;
				CLANG_WARN_EMPTY_BODY = YES;
				CLANG_WARN_ENUM_CONVERSION = YES;
				CLANG_WARN_INFINITE_RECURSION = YES;
				CLANG_WARN_INT_CONVERSION = YES;
				CLANG_WARN_NON_LITERAL_NULL_CONVERSION = YES;
				CLANG_WARN_OBJC_IMPLICIT_RETAIN_SELF = YES;
				CLANG_WARN_OBJC_LITERAL_CONVERSION = YES;
				CLANG_WARN_OBJC_ROOT_CLASS = YES_ERROR;
				CLANG_WARN_QUOTED_INCLUDE_IN_FRAMEWORK_HEADER = YES;
				CLANG_WARN_RANGE_LOOP_ANALYSIS = YES;
				CLANG_WARN_STRICT_PROTOTYPES = YES;
				CLANG_WARN_SUSPICIOUS_MOVE = YES;
				CLANG_WARN_UNGUARDED_AVAILABILITY = YES_AGGRESSIVE;
				CLANG_WARN_UNREACHABLE_CODE = YES;
				CLANG_WARN__DUPLICATE_METHOD_MATCH = YES;
				COPY_PHASE_STRIP = NO;
				DEBUG_INFORMATION_FORMAT = dwarf;
				ENABLE_STRICT_OBJC_MSGSEND = YES;
				ENABLE_TESTABILITY = YES;
				GCC_C_LANGUAGE_STANDARD = gnu11;
				GCC_DYNAMIC_NO_PIC = NO;
				GCC_NO_COMMON_BLOCKS = YES;
				GCC_OPTIMIZATION_LEVEL = 0;
				GCC_PREPROCESSOR_DEFINITIONS = (
					"DEBUG=1",
					"$(inherited)",
				);
				GCC_WARN_64_TO_32_BIT_CONVERSION = YES;
				GCC_WARN_ABOUT_RETURN_TYPE = YES_ERROR;
				GCC_WARN_UNDECLARED_SELECTOR = YES;
				GCC_WARN_UNINITIALIZED_AUTOS = YES_AGGRESSIVE;
				GCC_WARN_UNUSED_FUNCTION = YES;
				GCC_WARN_UNUSED_VARIABLE = YES;
				IPHONEOS_DEPLOYMENT_TARGET = 16.4;
				MTL_ENABLE_DEBUG_INFO = INCLUDE_SOURCE;
				MTL_FAST_MATH = YES;
				ONLY_ACTIVE_ARCH = YES;
				SDKROOT = iphoneos;
				SWIFT_ACTIVE_COMPILATION_CONDITIONS = DEBUG;
				SWIFT_OPTIMIZATION_LEVEL = "-Onone";
			};
			name = Debug;
		};
		450438942AA295A200E44E89 /* Release */ = {
			isa = XCBuildConfiguration;
			buildSettings = {
				ALWAYS_SEARCH_USER_PATHS = NO;
				CLANG_ANALYZER_NONNULL = YES;
				CLANG_ANALYZER_NUMBER_OBJECT_CONVERSION = YES_AGGRESSIVE;
				CLANG_CXX_LANGUAGE_STANDARD = "gnu++20";
				CLANG_ENABLE_MODULES = YES;
				CLANG_ENABLE_OBJC_ARC = YES;
				CLANG_ENABLE_OBJC_WEAK = YES;
				CLANG_WARN_BLOCK_CAPTURE_AUTORELEASING = YES;
				CLANG_WARN_BOOL_CONVERSION = YES;
				CLANG_WARN_COMMA = YES;
				CLANG_WARN_CONSTANT_CONVERSION = YES;
				CLANG_WARN_DEPRECATED_OBJC_IMPLEMENTATIONS = YES;
				CLANG_WARN_DIRECT_OBJC_ISA_USAGE = YES_ERROR;
				CLANG_WARN_DOCUMENTATION_COMMENTS = YES;
				CLANG_WARN_EMPTY_BODY = YES;
				CLANG_WARN_ENUM_CONVERSION = YES;
				CLANG_WARN_INFINITE_RECURSION = YES;
				CLANG_WARN_INT_CONVERSION = YES;
				CLANG_WARN_NON_LITERAL_NULL_CONVERSION = YES;
				CLANG_WARN_OBJC_IMPLICIT_RETAIN_SELF = YES;
				CLANG_WARN_OBJC_LITERAL_CONVERSION = YES;
				CLANG_WARN_OBJC_ROOT_CLASS = YES_ERROR;
				CLANG_WARN_QUOTED_INCLUDE_IN_FRAMEWORK_HEADER = YES;
				CLANG_WARN_RANGE_LOOP_ANALYSIS = YES;
				CLANG_WARN_STRICT_PROTOTYPES = YES;
				CLANG_WARN_SUSPICIOUS_MOVE = YES;
				CLANG_WARN_UNGUARDED_AVAILABILITY = YES_AGGRESSIVE;
				CLANG_WARN_UNREACHABLE_CODE = YES;
				CLANG_WARN__DUPLICATE_METHOD_MATCH = YES;
				COPY_PHASE_STRIP = NO;
				DEBUG_INFORMATION_FORMAT = "dwarf-with-dsym";
				ENABLE_NS_ASSERTIONS = NO;
				ENABLE_STRICT_OBJC_MSGSEND = YES;
				GCC_C_LANGUAGE_STANDARD = gnu11;
				GCC_NO_COMMON_BLOCKS = YES;
				GCC_WARN_64_TO_32_BIT_CONVERSION = YES;
				GCC_WARN_ABOUT_RETURN_TYPE = YES_ERROR;
				GCC_WARN_UNDECLARED_SELECTOR = YES;
				GCC_WARN_UNINITIALIZED_AUTOS = YES_AGGRESSIVE;
				GCC_WARN_UNUSED_FUNCTION = YES;
				GCC_WARN_UNUSED_VARIABLE = YES;
				IPHONEOS_DEPLOYMENT_TARGET = 16.4;
				MTL_ENABLE_DEBUG_INFO = NO;
				MTL_FAST_MATH = YES;
				SDKROOT = iphoneos;
				SWIFT_COMPILATION_MODE = wholemodule;
				SWIFT_OPTIMIZATION_LEVEL = "-O";
				VALIDATE_PRODUCT = YES;
			};
			name = Release;
		};
		450438962AA295A200E44E89 /* Debug */ = {
			isa = XCBuildConfiguration;
			buildSettings = {
				ASSETCATALOG_COMPILER_APPICON_NAME = AppIcon;
				ASSETCATALOG_COMPILER_GLOBAL_ACCENT_COLOR_NAME = AccentColor;
				CODE_SIGN_STYLE = Automatic;
				CURRENT_PROJECT_VERSION = 1;
				DEVELOPMENT_TEAM = RNN4Y9Z58L;
				GENERATE_INFOPLIST_FILE = YES;
				INFOPLIST_FILE = UsersApp/Info.plist;
				INFOPLIST_KEY_CFBundleDisplayName = Users;
				INFOPLIST_KEY_UIApplicationSupportsIndirectInputEvents = YES;
				INFOPLIST_KEY_UILaunchStoryboardName = LaunchScreen;
				INFOPLIST_KEY_UIStatusBarStyle = "";
				INFOPLIST_KEY_UISupportedInterfaceOrientations = "UIInterfaceOrientationLandscapeLeft UIInterfaceOrientationLandscapeRight UIInterfaceOrientationPortrait";
				INFOPLIST_KEY_UISupportedInterfaceOrientations_iPad = "UIInterfaceOrientationLandscapeLeft UIInterfaceOrientationLandscapeRight UIInterfaceOrientationPortrait UIInterfaceOrientationPortraitUpsideDown";
				IPHONEOS_DEPLOYMENT_TARGET = 15.0;
				LD_RUNPATH_SEARCH_PATHS = (
					"$(inherited)",
					"@executable_path/Frameworks",
				);
				MARKETING_VERSION = 1.0;
				PRODUCT_BUNDLE_IDENTIFIER = com.oguztandogan.UsersApp;
				PRODUCT_NAME = "$(TARGET_NAME)";
				SWIFT_EMIT_LOC_STRINGS = YES;
				SWIFT_VERSION = 5.0;
				TARGETED_DEVICE_FAMILY = "1,2";
			};
			name = Debug;
		};
		450438972AA295A200E44E89 /* Release */ = {
			isa = XCBuildConfiguration;
			buildSettings = {
				ASSETCATALOG_COMPILER_APPICON_NAME = AppIcon;
				ASSETCATALOG_COMPILER_GLOBAL_ACCENT_COLOR_NAME = AccentColor;
				CODE_SIGN_STYLE = Automatic;
				CURRENT_PROJECT_VERSION = 1;
				DEVELOPMENT_TEAM = RNN4Y9Z58L;
				GENERATE_INFOPLIST_FILE = YES;
				INFOPLIST_FILE = UsersApp/Info.plist;
				INFOPLIST_KEY_CFBundleDisplayName = Users;
				INFOPLIST_KEY_UIApplicationSupportsIndirectInputEvents = YES;
				INFOPLIST_KEY_UILaunchStoryboardName = LaunchScreen;
				INFOPLIST_KEY_UIStatusBarStyle = "";
				INFOPLIST_KEY_UISupportedInterfaceOrientations = "UIInterfaceOrientationLandscapeLeft UIInterfaceOrientationLandscapeRight UIInterfaceOrientationPortrait";
				INFOPLIST_KEY_UISupportedInterfaceOrientations_iPad = "UIInterfaceOrientationLandscapeLeft UIInterfaceOrientationLandscapeRight UIInterfaceOrientationPortrait UIInterfaceOrientationPortraitUpsideDown";
				IPHONEOS_DEPLOYMENT_TARGET = 15.0;
				LD_RUNPATH_SEARCH_PATHS = (
					"$(inherited)",
					"@executable_path/Frameworks",
				);
				MARKETING_VERSION = 1.0;
				PRODUCT_BUNDLE_IDENTIFIER = com.oguztandogan.UsersApp;
				PRODUCT_NAME = "$(TARGET_NAME)";
				SWIFT_EMIT_LOC_STRINGS = YES;
				SWIFT_VERSION = 5.0;
				TARGETED_DEVICE_FAMILY = "1,2";
			};
			name = Release;
		};
		450438992AA295A200E44E89 /* Debug */ = {
			isa = XCBuildConfiguration;
			buildSettings = {
				ALWAYS_EMBED_SWIFT_STANDARD_LIBRARIES = YES;
				BUNDLE_LOADER = "$(TEST_HOST)";
				CODE_SIGN_STYLE = Automatic;
				CURRENT_PROJECT_VERSION = 1;
				DEVELOPMENT_TEAM = RNN4Y9Z58L;
				GENERATE_INFOPLIST_FILE = YES;
				IPHONEOS_DEPLOYMENT_TARGET = 16.4;
				MARKETING_VERSION = 1.0;
				PRODUCT_BUNDLE_IDENTIFIER = com.oguztandogan.UsersAppTests;
				PRODUCT_NAME = "$(TARGET_NAME)";
				SWIFT_EMIT_LOC_STRINGS = NO;
				SWIFT_VERSION = 5.0;
				TARGETED_DEVICE_FAMILY = "1,2";
				TEST_HOST = "$(BUILT_PRODUCTS_DIR)/UsersApp.app/$(BUNDLE_EXECUTABLE_FOLDER_PATH)/UsersApp";
			};
			name = Debug;
		};
		4504389A2AA295A200E44E89 /* Release */ = {
			isa = XCBuildConfiguration;
			buildSettings = {
				ALWAYS_EMBED_SWIFT_STANDARD_LIBRARIES = YES;
				BUNDLE_LOADER = "$(TEST_HOST)";
				CODE_SIGN_STYLE = Automatic;
				CURRENT_PROJECT_VERSION = 1;
				DEVELOPMENT_TEAM = RNN4Y9Z58L;
				GENERATE_INFOPLIST_FILE = YES;
				IPHONEOS_DEPLOYMENT_TARGET = 16.4;
				MARKETING_VERSION = 1.0;
				PRODUCT_BUNDLE_IDENTIFIER = com.oguztandogan.UsersAppTests;
				PRODUCT_NAME = "$(TARGET_NAME)";
				SWIFT_EMIT_LOC_STRINGS = NO;
				SWIFT_VERSION = 5.0;
				TARGETED_DEVICE_FAMILY = "1,2";
				TEST_HOST = "$(BUILT_PRODUCTS_DIR)/UsersApp.app/$(BUNDLE_EXECUTABLE_FOLDER_PATH)/UsersApp";
			};
			name = Release;
		};
/* End XCBuildConfiguration section */

/* Begin XCConfigurationList section */
		450438632AA295A100E44E89 /* Build configuration list for PBXProject "UsersApp" */ = {
			isa = XCConfigurationList;
			buildConfigurations = (
				450438932AA295A200E44E89 /* Debug */,
				450438942AA295A200E44E89 /* Release */,
			);
			defaultConfigurationIsVisible = 0;
			defaultConfigurationName = Release;
		};
		450438952AA295A200E44E89 /* Build configuration list for PBXNativeTarget "UsersApp" */ = {
			isa = XCConfigurationList;
			buildConfigurations = (
				450438962AA295A200E44E89 /* Debug */,
				450438972AA295A200E44E89 /* Release */,
			);
			defaultConfigurationIsVisible = 0;
			defaultConfigurationName = Release;
		};
		450438982AA295A200E44E89 /* Build configuration list for PBXNativeTarget "UsersAppTests" */ = {
			isa = XCConfigurationList;
			buildConfigurations = (
				450438992AA295A200E44E89 /* Debug */,
				4504389A2AA295A200E44E89 /* Release */,
			);
			defaultConfigurationIsVisible = 0;
			defaultConfigurationName = Release;
		};
/* End XCConfigurationList section */

/* Begin XCRemoteSwiftPackageReference section */
		4518F6192AA5248C00332DB6 /* XCRemoteSwiftPackageReference "Kingfisher" */ = {
			isa = XCRemoteSwiftPackageReference;
			repositoryURL = "https://github.com/onevcat/Kingfisher";
			requirement = {
				kind = upToNextMajorVersion;
				minimumVersion = 7.0.0;
			};
		};
/* End XCRemoteSwiftPackageReference section */

/* Begin XCSwiftPackageProductDependency section */
		4518F61A2AA5248C00332DB6 /* Kingfisher */ = {
			isa = XCSwiftPackageProductDependency;
			package = 4518F6192AA5248C00332DB6 /* XCRemoteSwiftPackageReference "Kingfisher" */;
			productName = Kingfisher;
		};
/* End XCSwiftPackageProductDependency section */

/* Begin XCVersionGroup section */
		4518F6432AA5C7DA00332DB6 /* SavedUsers.xcdatamodeld */ = {
			isa = XCVersionGroup;
			children = (
				4518F6442AA5C7DA00332DB6 /* SavedUsers.xcdatamodel */,
			);
			currentVersion = 4518F6442AA5C7DA00332DB6 /* SavedUsers.xcdatamodel */;
			path = SavedUsers.xcdatamodeld;
			sourceTree = "<group>";
			versionGroupType = wrapper.xcdatamodel;
		};
/* End XCVersionGroup section */
	};
	rootObject = 450438602AA295A100E44E89 /* Project object */;
}
